
Microsoft Visual Studio Solution File, Format Version 12.00
# Visual Studio 15
VisualStudioVersion = 15.0.27130.2027
MinimumVisualStudioVersion = 10.0.40219.1
Project("{8BC9CEB8-8B4A-11D0-8D11-00A0C91BC942}") = "CMyArray", "ConsoleApplication1\ConsoleApplication1.vcxproj", "{27C13087-9EFC-4A27-A44D-44479CBBBAE2}"
EndProject
Project("{8BC9CEB8-8B4A-11D0-8D11-00A0C91BC942}") = "FindMaxEx", "FindMaxEx\FindMaxEx.vcxproj", "{4C51F120-5243-420C-989D-EF586E935A02}"
EndProject
Project("{8BC9CEB8-8B4A-11D0-8D11-00A0C91BC942}") = "FindMaxTest", "FindMaxTest\FindMaxTest.vcxproj", "{F9C88C1A-CD3D-444C-9D3F-07E4C5A1E6FF}"
EndProject
Project("{8BC9CEB8-8B4A-11D0-8D11-00A0C91BC942}") = "CMyArrayTests", "CMyArrayTests\CMyArrayTests.vcxproj", "{631698F2-FBE2-4541-BD0E-0AA70C5F1238}"
EndProject
Global
	GlobalSection(SolutionConfigurationPlatforms) = preSolution
		Debug|x64 = Debug|x64
		Debug|x86 = Debug|x86
		Release|x64 = Release|x64
		Release|x86 = Release|x86
	EndGlobalSection
	GlobalSection(ProjectConfigurationPlatforms) = postSolution
		{27C13087-9EFC-4A27-A44D-44479CBBBAE2}.Debug|x64.ActiveCfg = Debug|x64
		{27C13087-9EFC-4A27-A44D-44479CBBBAE2}.Debug|x64.Build.0 = Debug|x64
		{27C13087-9EFC-4A27-A44D-44479CBBBAE2}.Debug|x86.ActiveCfg = Debug|Win32
		{27C13087-9EFC-4A27-A44D-44479CBBBAE2}.Debug|x86.Build.0 = Debug|Win32
		{27C13087-9EFC-4A27-A44D-44479CBBBAE2}.Release|x64.ActiveCfg = Release|x64
		{27C13087-9EFC-4A27-A44D-44479CBBBAE2}.Release|x64.Build.0 = Release|x64
		{27C13087-9EFC-4A27-A44D-44479CBBBAE2}.Release|x86.ActiveCfg = Release|Win32
		{27C13087-9EFC-4A27-A44D-44479CBBBAE2}.Release|x86.Build.0 = Release|Win32
		{4C51F120-5243-420C-989D-EF586E935A02}.Debug|x64.ActiveCfg = Debug|x64
		{4C51F120-5243-420C-989D-EF586E935A02}.Debug|x64.Build.0 = Debug|x64
		{4C51F120-5243-420C-989D-EF586E935A02}.Debug|x86.ActiveCfg = Debug|Win32
		{4C51F120-5243-420C-989D-EF586E935A02}.Debug|x86.Build.0 = Debug|Win32
		{4C51F120-5243-420C-989D-EF586E935A02}.Release|x64.ActiveCfg = Release|x64
		{4C51F120-5243-420C-989D-EF586E935A02}.Release|x64.Build.0 = Release|x64
		{4C51F120-5243-420C-989D-EF586E935A02}.Release|x86.ActiveCfg = Release|Win32
		{4C51F120-5243-420C-989D-EF586E935A02}.Release|x86.Build.0 = Release|Win32
		{F9C88C1A-CD3D-444C-9D3F-07E4C5A1E6FF}.Debug|x64.ActiveCfg = Debug|x64
		{F9C88C1A-CD3D-444C-9D3F-07E4C5A1E6FF}.Debug|x64.Build.0 = Debug|x64
		{F9C88C1A-CD3D-444C-9D3F-07E4C5A1E6FF}.Debug|x86.ActiveCfg = Debug|Win32
		{F9C88C1A-CD3D-444C-9D3F-07E4C5A1E6FF}.Debug|x86.Build.0 = Debug|Win32
		{F9C88C1A-CD3D-444C-9D3F-07E4C5A1E6FF}.Release|x64.ActiveCfg = Release|x64
		{F9C88C1A-CD3D-444C-9D3F-07E4C5A1E6FF}.Release|x64.Build.0 = Release|x64
		{F9C88C1A-CD3D-444C-9D3F-07E4C5A1E6FF}.Release|x86.ActiveCfg = Release|Win32
		{F9C88C1A-CD3D-444C-9D3F-07E4C5A1E6FF}.Release|x86.Build.0 = Release|Win32
		{631698F2-FBE2-4541-BD0E-0AA70C5F1238}.Debug|x64.ActiveCfg = Debug|x64
		{631698F2-FBE2-4541-BD0E-0AA70C5F1238}.Debug|x64.Build.0 = Debug|x64
		{631698F2-FBE2-4541-BD0E-0AA70C5F1238}.Debug|x86.ActiveCfg = Debug|Win32
		{631698F2-FBE2-4541-BD0E-0AA70C5F1238}.Debug|x86.Build.0 = Debug|Win32
		{631698F2-FBE2-4541-BD0E-0AA70C5F1238}.Release|x64.ActiveCfg = Release|x64
		{631698F2-FBE2-4541-BD0E-0AA70C5F1238}.Release|x64.Build.0 = Release|x64
		{631698F2-FBE2-4541-BD0E-0AA70C5F1238}.Release|x86.ActiveCfg = Release|Win32
		{631698F2-FBE2-4541-BD0E-0AA70C5F1238}.Release|x86.Build.0 = Release|Win32
	EndGlobalSection
	GlobalSection(SolutionProperties) = preSolution
		HideSolutionNode = FALSE
	EndGlobalSection
	GlobalSection(ExtensibilityGlobals) = postSolution
		SolutionGuid = {A8794FD8-E423-493E-A473-AD262A4AD546}
	EndGlobalSection
EndGlobal
