
Microsoft Visual Studio Solution File, Format Version 12.00
# Visual Studio 15
VisualStudioVersion = 15.0.27130.2027
MinimumVisualStudioVersion = 10.0.40219.1
Project("{8BC9CEB8-8B4A-11D0-8D11-00A0C91BC942}") = "Replace", "Replace\Replace.vcxproj", "{070F718B-599E-4EAA-A39C-8C23C42E4D67}"
EndProject
Project("{8BC9CEB8-8B4A-11D0-8D11-00A0C91BC942}") = "CopyFile", "CopyFile\CopyFile.vcxproj", "{BA0AAD38-71D9-4CAB-838E-A9BAAC9398DF}"
EndProject
Project("{8BC9CEB8-8B4A-11D0-8D11-00A0C91BC942}") = "flipbyte", "flipbyte\flipbyte.vcxproj", "{FE437B90-9EB2-4286-AFA4-0323EB971AB8}"
EndProject
Project("{8BC9CEB8-8B4A-11D0-8D11-00A0C91BC942}") = "invertMatrix", "invertMatrix\invertMatrix.vcxproj", "{B6B28688-4F94-4E63-A519-2E4AB63135A9}"
EndProject
Global
	GlobalSection(SolutionConfigurationPlatforms) = preSolution
		Debug|x64 = Debug|x64
		Debug|x86 = Debug|x86
		Release|x64 = Release|x64
		Release|x86 = Release|x86
	EndGlobalSection
	GlobalSection(ProjectConfigurationPlatforms) = postSolution
		{070F718B-599E-4EAA-A39C-8C23C42E4D67}.Debug|x64.ActiveCfg = Debug|x64
		{070F718B-599E-4EAA-A39C-8C23C42E4D67}.Debug|x64.Build.0 = Debug|x64
		{070F718B-599E-4EAA-A39C-8C23C42E4D67}.Debug|x86.ActiveCfg = Debug|Win32
		{070F718B-599E-4EAA-A39C-8C23C42E4D67}.Debug|x86.Build.0 = Debug|Win32
		{070F718B-599E-4EAA-A39C-8C23C42E4D67}.Release|x64.ActiveCfg = Release|x64
		{070F718B-599E-4EAA-A39C-8C23C42E4D67}.Release|x64.Build.0 = Release|x64
		{070F718B-599E-4EAA-A39C-8C23C42E4D67}.Release|x86.ActiveCfg = Release|Win32
		{070F718B-599E-4EAA-A39C-8C23C42E4D67}.Release|x86.Build.0 = Release|Win32
		{BA0AAD38-71D9-4CAB-838E-A9BAAC9398DF}.Debug|x64.ActiveCfg = Debug|x64
		{BA0AAD38-71D9-4CAB-838E-A9BAAC9398DF}.Debug|x64.Build.0 = Debug|x64
		{BA0AAD38-71D9-4CAB-838E-A9BAAC9398DF}.Debug|x86.ActiveCfg = Debug|Win32
		{BA0AAD38-71D9-4CAB-838E-A9BAAC9398DF}.Debug|x86.Build.0 = Debug|Win32
		{BA0AAD38-71D9-4CAB-838E-A9BAAC9398DF}.Release|x64.ActiveCfg = Release|x64
		{BA0AAD38-71D9-4CAB-838E-A9BAAC9398DF}.Release|x64.Build.0 = Release|x64
		{BA0AAD38-71D9-4CAB-838E-A9BAAC9398DF}.Release|x86.ActiveCfg = Release|Win32
		{BA0AAD38-71D9-4CAB-838E-A9BAAC9398DF}.Release|x86.Build.0 = Release|Win32
		{FE437B90-9EB2-4286-AFA4-0323EB971AB8}.Debug|x64.ActiveCfg = Debug|x64
		{FE437B90-9EB2-4286-AFA4-0323EB971AB8}.Debug|x64.Build.0 = Debug|x64
		{FE437B90-9EB2-4286-AFA4-0323EB971AB8}.Debug|x86.ActiveCfg = Debug|Win32
		{FE437B90-9EB2-4286-AFA4-0323EB971AB8}.Debug|x86.Build.0 = Debug|Win32
		{FE437B90-9EB2-4286-AFA4-0323EB971AB8}.Release|x64.ActiveCfg = Release|x64
		{FE437B90-9EB2-4286-AFA4-0323EB971AB8}.Release|x64.Build.0 = Release|x64
		{FE437B90-9EB2-4286-AFA4-0323EB971AB8}.Release|x86.ActiveCfg = Release|Win32
		{FE437B90-9EB2-4286-AFA4-0323EB971AB8}.Release|x86.Build.0 = Release|Win32
		{B6B28688-4F94-4E63-A519-2E4AB63135A9}.Debug|x64.ActiveCfg = Debug|x64
		{B6B28688-4F94-4E63-A519-2E4AB63135A9}.Debug|x64.Build.0 = Debug|x64
		{B6B28688-4F94-4E63-A519-2E4AB63135A9}.Debug|x86.ActiveCfg = Debug|Win32
		{B6B28688-4F94-4E63-A519-2E4AB63135A9}.Debug|x86.Build.0 = Debug|Win32
		{B6B28688-4F94-4E63-A519-2E4AB63135A9}.Release|x64.ActiveCfg = Release|x64
		{B6B28688-4F94-4E63-A519-2E4AB63135A9}.Release|x64.Build.0 = Release|x64
		{B6B28688-4F94-4E63-A519-2E4AB63135A9}.Release|x86.ActiveCfg = Release|Win32
		{B6B28688-4F94-4E63-A519-2E4AB63135A9}.Release|x86.Build.0 = Release|Win32
	EndGlobalSection
	GlobalSection(SolutionProperties) = preSolution
		HideSolutionNode = FALSE
	EndGlobalSection
	GlobalSection(ExtensibilityGlobals) = postSolution
		SolutionGuid = {CDD34146-07D8-491D-A890-957970B68F25}
	EndGlobalSection
EndGlobal
